
Microsoft Visual Studio Solution File, Format Version 12.00
# Visual Studio Version 16
VisualStudioVersion = 16.0.30517.126
MinimumVisualStudioVersion = 10.0.40219.1
Project("{FAE04EC0-301F-11D3-BF4B-00C04F79EFBC}") = "Calculator", "Calculator.csproj", "{18D50C9A-AEA4-4874-A63A-83A4CBB0A49B}"
EndProject
Global
	GlobalSection(SolutionConfigurationPlatforms) = preSolution
		Debug|Any CPU = Debug|Any CPU
		Release|Any CPU = Release|Any CPU
	EndGlobalSection
	GlobalSection(ProjectConfigurationPlatforms) = postSolution
		{18D50C9A-AEA4-4874-A63A-83A4CBB0A49B}.Debug|Any CPU.ActiveCfg = Debug|Any CPU
		{18D50C9A-AEA4-4874-A63A-83A4CBB0A49B}.Debug|Any CPU.Build.0 = Debug|Any CPU
		{18D50C9A-AEA4-4874-A63A-83A4CBB0A49B}.Release|Any CPU.ActiveCfg = Release|Any CPU
		{18D50C9A-AEA4-4874-A63A-83A4CBB0A49B}.Release|Any CPU.Build.0 = Release|Any CPU
	EndGlobalSection
	GlobalSection(SolutionProperties) = preSolution
		HideSolutionNode = FALSE
	EndGlobalSection
	GlobalSection(ExtensibilityGlobals) = postSolution
		SolutionGuid = {02633D62-1681-47B9-A3E5-1ABF7AB81BF2}
	EndGlobalSection
EndGlobal
